<?xml version="1.0" encoding="UTF-8" standalone="yes" ?>
<CodeBlocks_project_file>
   <FileVersion major="1" minor="6" />
   <Project>
      <Option title="test-project" />
      <Option makefile_is_custom="1" />
      <Option compiler="gcc" />
      <Option virtualFolders="CMake Files\;" />
      <Build>
      <Target title="all">
         <Option working_dir="E:/Nazar/SELF-EDUCATION/C++/kursi/test-project/build-test-project-Desktop_Qt_5_5_1_MinGW_32bit-Default" />
         <Option type="4" />
         <MakeCommands>
            <Build command="D:/Tools/mingw492_32/bin/mingw32-make.exe -f &quot;E:/Nazar/SELF-EDUCATION/C++/kursi/test-project/build-test-project-Desktop_Qt_5_5_1_MinGW_32bit-Default/Makefile&quot;  VERBOSE=1 all" />
            <CompileFile command="D:/Tools/mingw492_32/bin/mingw32-make.exe -f &quot;E:/Nazar/SELF-EDUCATION/C++/kursi/test-project/build-test-project-Desktop_Qt_5_5_1_MinGW_32bit-Default/Makefile&quot;  VERBOSE=1 &quot;$file&quot;" />
            <Clean command="D:/Tools/mingw492_32/bin/mingw32-make.exe -f &quot;E:/Nazar/SELF-EDUCATION/C++/kursi/test-project/build-test-project-Desktop_Qt_5_5_1_MinGW_32bit-Default/Makefile&quot;  VERBOSE=1 clean" />
            <DistClean command="D:/Tools/mingw492_32/bin/mingw32-make.exe -f &quot;E:/Nazar/SELF-EDUCATION/C++/kursi/test-project/build-test-project-Desktop_Qt_5_5_1_MinGW_32bit-Default/Makefile&quot;  VERBOSE=1 clean" />
         </MakeCommands>
      </Target>
      <Target title="rebuild_cache">
         <Option working_dir="E:/Nazar/SELF-EDUCATION/C++/kursi/test-project/build-test-project-Desktop_Qt_5_5_1_MinGW_32bit-Default" />
         <Option type="4" />
         <MakeCommands>
            <Build command="D:/Tools/mingw492_32/bin/mingw32-make.exe -f &quot;E:/Nazar/SELF-EDUCATION/C++/kursi/test-project/build-test-project-Desktop_Qt_5_5_1_MinGW_32bit-Default/Makefile&quot;  VERBOSE=1 rebuild_cache" />
            <CompileFile command="D:/Tools/mingw492_32/bin/mingw32-make.exe -f &quot;E:/Nazar/SELF-EDUCATION/C++/kursi/test-project/build-test-project-Desktop_Qt_5_5_1_MinGW_32bit-Default/Makefile&quot;  VERBOSE=1 &quot;$file&quot;" />
            <Clean command="D:/Tools/mingw492_32/bin/mingw32-make.exe -f &quot;E:/Nazar/SELF-EDUCATION/C++/kursi/test-project/build-test-project-Desktop_Qt_5_5_1_MinGW_32bit-Default/Makefile&quot;  VERBOSE=1 clean" />
            <DistClean command="D:/Tools/mingw492_32/bin/mingw32-make.exe -f &quot;E:/Nazar/SELF-EDUCATION/C++/kursi/test-project/build-test-project-Desktop_Qt_5_5_1_MinGW_32bit-Default/Makefile&quot;  VERBOSE=1 clean" />
         </MakeCommands>
      </Target>
      <Target title="test-project">
         <Option output="E:/Nazar/SELF-EDUCATION/C++/kursi/test-project/build-test-project-Desktop_Qt_5_5_1_MinGW_32bit-Default/test-project.exe" prefix_auto="0" extension_auto="0" />
         <Option working_dir="E:/Nazar/SELF-EDUCATION/C++/kursi/test-project/build-test-project-Desktop_Qt_5_5_1_MinGW_32bit-Default" />
         <Option object_output="./" />
         <Option type="1" />
         <Option compiler="gcc" />
         <Compiler>
            <Add directory="D:/Tools/mingw492_32/bin/../lib/gcc/i686-w64-mingw32/4.9.2/../../../../i686-w64-mingw32/include" />
            <Add directory="D:/Tools/mingw492_32/bin/../lib/gcc/i686-w64-mingw32/4.9.2/include" />
            <Add directory="D:/Tools/mingw492_32/bin/../lib/gcc/i686-w64-mingw32/4.9.2/include-fixed" />
            <Add directory="D:/Tools/mingw492_32/lib/gcc/../../i686-w64-mingw32/include/c++" />
            <Add directory="D:/Tools/mingw492_32/lib/gcc/../../i686-w64-mingw32/include/c++/backward" />
            <Add directory="D:/Tools/mingw492_32/lib/gcc/../../i686-w64-mingw32/include/c++/i686-w64-mingw32" />
         </Compiler>
         <MakeCommands>
            <Build command="D:/Tools/mingw492_32/bin/mingw32-make.exe -f &quot;E:/Nazar/SELF-EDUCATION/C++/kursi/test-project/build-test-project-Desktop_Qt_5_5_1_MinGW_32bit-Default/Makefile&quot;  VERBOSE=1 test-project" />
            <CompileFile command="D:/Tools/mingw492_32/bin/mingw32-make.exe -f &quot;E:/Nazar/SELF-EDUCATION/C++/kursi/test-project/build-test-project-Desktop_Qt_5_5_1_MinGW_32bit-Default/Makefile&quot;  VERBOSE=1 &quot;$file&quot;" />
            <Clean command="D:/Tools/mingw492_32/bin/mingw32-make.exe -f &quot;E:/Nazar/SELF-EDUCATION/C++/kursi/test-project/build-test-project-Desktop_Qt_5_5_1_MinGW_32bit-Default/Makefile&quot;  VERBOSE=1 clean" />
            <DistClean command="D:/Tools/mingw492_32/bin/mingw32-make.exe -f &quot;E:/Nazar/SELF-EDUCATION/C++/kursi/test-project/build-test-project-Desktop_Qt_5_5_1_MinGW_32bit-Default/Makefile&quot;  VERBOSE=1 clean" />
         </MakeCommands>
      </Target>
      <Target title="test-project/fast">
         <Option output="E:/Nazar/SELF-EDUCATION/C++/kursi/test-project/build-test-project-Desktop_Qt_5_5_1_MinGW_32bit-Default/test-project.exe" prefix_auto="0" extension_auto="0" />
         <Option working_dir="E:/Nazar/SELF-EDUCATION/C++/kursi/test-project/build-test-project-Desktop_Qt_5_5_1_MinGW_32bit-Default" />
         <Option object_output="./" />
         <Option type="1" />
         <Option compiler="gcc" />
         <Compiler>
            <Add directory="D:/Tools/mingw492_32/bin/../lib/gcc/i686-w64-mingw32/4.9.2/../../../../i686-w64-mingw32/include" />
            <Add directory="D:/Tools/mingw492_32/bin/../lib/gcc/i686-w64-mingw32/4.9.2/include" />
            <Add directory="D:/Tools/mingw492_32/bin/../lib/gcc/i686-w64-mingw32/4.9.2/include-fixed" />
            <Add directory="D:/Tools/mingw492_32/lib/gcc/../../i686-w64-mingw32/include/c++" />
            <Add directory="D:/Tools/mingw492_32/lib/gcc/../../i686-w64-mingw32/include/c++/backward" />
            <Add directory="D:/Tools/mingw492_32/lib/gcc/../../i686-w64-mingw32/include/c++/i686-w64-mingw32" />
         </Compiler>
         <MakeCommands>
            <Build command="D:/Tools/mingw492_32/bin/mingw32-make.exe -f &quot;E:/Nazar/SELF-EDUCATION/C++/kursi/test-project/build-test-project-Desktop_Qt_5_5_1_MinGW_32bit-Default/Makefile&quot;  VERBOSE=1 test-project/fast" />
            <CompileFile command="D:/Tools/mingw492_32/bin/mingw32-make.exe -f &quot;E:/Nazar/SELF-EDUCATION/C++/kursi/test-project/build-test-project-Desktop_Qt_5_5_1_MinGW_32bit-Default/Makefile&quot;  VERBOSE=1 &quot;$file&quot;" />
            <Clean command="D:/Tools/mingw492_32/bin/mingw32-make.exe -f &quot;E:/Nazar/SELF-EDUCATION/C++/kursi/test-project/build-test-project-Desktop_Qt_5_5_1_MinGW_32bit-Default/Makefile&quot;  VERBOSE=1 clean" />
            <DistClean command="D:/Tools/mingw492_32/bin/mingw32-make.exe -f &quot;E:/Nazar/SELF-EDUCATION/C++/kursi/test-project/build-test-project-Desktop_Qt_5_5_1_MinGW_32bit-Default/Makefile&quot;  VERBOSE=1 clean" />
         </MakeCommands>
      </Target>
      <Target title="edit_cache">
         <Option working_dir="E:/Nazar/SELF-EDUCATION/C++/kursi/test-project/build-test-project-Desktop_Qt_5_5_1_MinGW_32bit-Default" />
         <Option type="4" />
         <MakeCommands>
            <Build command="D:/Tools/mingw492_32/bin/mingw32-make.exe -f &quot;E:/Nazar/SELF-EDUCATION/C++/kursi/test-project/build-test-project-Desktop_Qt_5_5_1_MinGW_32bit-Default/Makefile&quot;  VERBOSE=1 edit_cache" />
            <CompileFile command="D:/Tools/mingw492_32/bin/mingw32-make.exe -f &quot;E:/Nazar/SELF-EDUCATION/C++/kursi/test-project/build-test-project-Desktop_Qt_5_5_1_MinGW_32bit-Default/Makefile&quot;  VERBOSE=1 &quot;$file&quot;" />
            <Clean command="D:/Tools/mingw492_32/bin/mingw32-make.exe -f &quot;E:/Nazar/SELF-EDUCATION/C++/kursi/test-project/build-test-project-Desktop_Qt_5_5_1_MinGW_32bit-Default/Makefile&quot;  VERBOSE=1 clean" />
            <DistClean command="D:/Tools/mingw492_32/bin/mingw32-make.exe -f &quot;E:/Nazar/SELF-EDUCATION/C++/kursi/test-project/build-test-project-Desktop_Qt_5_5_1_MinGW_32bit-Default/Makefile&quot;  VERBOSE=1 clean" />
         </MakeCommands>
      </Target>
      </Build>
      <Unit filename="E:/Nazar/SELF-EDUCATION/C++/kursi/test-project/test-project/main.cpp">
         <Option target="test-project"/>
      </Unit>
      <Unit filename="E:/Nazar/SELF-EDUCATION/C++/kursi/test-project/test-project/CMakeLists.txt">
          <Option virtualFolder="CMake Files\" />
      </Unit>
   </Project>
</CodeBlocks_project_file>
